// !$*UTF8*$!
{
	archiveVersion = 1;
	classes = {
	};
	objectVersion = 56;
	objects = {

/* Begin PBXBuildFile section */
		7113FF2E2BC6E75100DC7B3F /* CommandPerformer.swift in Sources */ = {isa = PBXBuildFile; fileRef = 7113FF2D2BC6E75100DC7B3F /* CommandPerformer.swift */; };
		7113FF322BC7EF7500DC7B3F /* CommandPanel.swift in Sources */ = {isa = PBXBuildFile; fileRef = 7113FF312BC7EF7500DC7B3F /* CommandPanel.swift */; };
		711DF7342BC8816B00B759FB /* ContentView2.swift in Sources */ = {isa = PBXBuildFile; fileRef = 711DF7332BC8816B00B759FB /* ContentView2.swift */; };
		715E59692BC82D4C001C2F66 /* Colors.swift in Sources */ = {isa = PBXBuildFile; fileRef = 715E59682BC82D4C001C2F66 /* Colors.swift */; };
		715E596B2BC832F2001C2F66 /* SafeArea.swift in Sources */ = {isa = PBXBuildFile; fileRef = 715E596A2BC832F2001C2F66 /* SafeArea.swift */; };
		71FF5B892BC687BA0023F0D1 /* ChatManager.swift in Sources */ = {isa = PBXBuildFile; fileRef = 71FF5B882BC687BA0023F0D1 /* ChatManager.swift */; };
		71FF5B8B2BC688220023F0D1 /* MCBrowserView.swift in Sources */ = {isa = PBXBuildFile; fileRef = 71FF5B8A2BC688220023F0D1 /* MCBrowserView.swift */; };
		71FF5B8F2BC68F5D0023F0D1 /* YouTubeView.swift in Sources */ = {isa = PBXBuildFile; fileRef = 71FF5B8E2BC68F5D0023F0D1 /* YouTubeView.swift */; };
		71FF5B922BC693900023F0D1 /* ChatView.swift in Sources */ = {isa = PBXBuildFile; fileRef = 71FF5B912BC693900023F0D1 /* ChatView.swift */; };
		71FF5B952BC693F90023F0D1 /* MessageModel.swift in Sources */ = {isa = PBXBuildFile; fileRef = 71FF5B942BC693F90023F0D1 /* MessageModel.swift */; };
		7206E5BA2BC421B50072467D /* VideoSyncApp.swift in Sources */ = {isa = PBXBuildFile; fileRef = 7206E5B92BC421B50072467D /* VideoSyncApp.swift */; };
		7206E5BC2BC421B50072467D /* ContentView.swift in Sources */ = {isa = PBXBuildFile; fileRef = 7206E5BB2BC421B50072467D /* ContentView.swift */; };
		7206E5BE2BC421B60072467D /* Assets.xcassets in Resources */ = {isa = PBXBuildFile; fileRef = 7206E5BD2BC421B60072467D /* Assets.xcassets */; };
		7206E5C22BC421B60072467D /* Preview Assets.xcassets in Resources */ = {isa = PBXBuildFile; fileRef = 7206E5C12BC421B60072467D /* Preview Assets.xcassets */; };
		7206E5CC2BC421B60072467D /* VideoSyncTests.swift in Sources */ = {isa = PBXBuildFile; fileRef = 7206E5CB2BC421B60072467D /* VideoSyncTests.swift */; };
		7206E5D62BC421B60072467D /* VideoSyncUITests.swift in Sources */ = {isa = PBXBuildFile; fileRef = 7206E5D52BC421B60072467D /* VideoSyncUITests.swift */; };
		7206E5D82BC421B60072467D /* VideoSyncUITestsLaunchTests.swift in Sources */ = {isa = PBXBuildFile; fileRef = 7206E5D72BC421B60072467D /* VideoSyncUITestsLaunchTests.swift */; };
/* End PBXBuildFile section */

/* Begin PBXContainerItemProxy section */
		7206E5C82BC421B60072467D /* PBXContainerItemProxy */ = {
			isa = PBXContainerItemProxy;
			containerPortal = 7206E5AE2BC421B50072467D /* Project object */;
			proxyType = 1;
			remoteGlobalIDString = 7206E5B52BC421B50072467D;
			remoteInfo = VideoSync;
		};
		7206E5D22BC421B60072467D /* PBXContainerItemProxy */ = {
			isa = PBXContainerItemProxy;
			containerPortal = 7206E5AE2BC421B50072467D /* Project object */;
			proxyType = 1;
			remoteGlobalIDString = 7206E5B52BC421B50072467D;
			remoteInfo = VideoSync;
		};
/* End PBXContainerItemProxy section */

/* Begin PBXFileReference section */
		7113FF2D2BC6E75100DC7B3F /* CommandPerformer.swift */ = {isa = PBXFileReference; lastKnownFileType = sourcecode.swift; path = CommandPerformer.swift; sourceTree = "<group>"; };
		7113FF312BC7EF7500DC7B3F /* CommandPanel.swift */ = {isa = PBXFileReference; lastKnownFileType = sourcecode.swift; path = CommandPanel.swift; sourceTree = "<group>"; };
		711DF7332BC8816B00B759FB /* ContentView2.swift */ = {isa = PBXFileReference; lastKnownFileType = sourcecode.swift; path = ContentView2.swift; sourceTree = "<group>"; };
		715E59682BC82D4C001C2F66 /* Colors.swift */ = {isa = PBXFileReference; lastKnownFileType = sourcecode.swift; path = Colors.swift; sourceTree = "<group>"; };
		715E596A2BC832F2001C2F66 /* SafeArea.swift */ = {isa = PBXFileReference; lastKnownFileType = sourcecode.swift; path = SafeArea.swift; sourceTree = "<group>"; };
		71FF5B872BC5F5990023F0D1 /* Info.plist */ = {isa = PBXFileReference; lastKnownFileType = text.plist; path = Info.plist; sourceTree = "<group>"; };
		71FF5B882BC687BA0023F0D1 /* ChatManager.swift */ = {isa = PBXFileReference; lastKnownFileType = sourcecode.swift; path = ChatManager.swift; sourceTree = "<group>"; };
		71FF5B8A2BC688220023F0D1 /* MCBrowserView.swift */ = {isa = PBXFileReference; lastKnownFileType = sourcecode.swift; path = MCBrowserView.swift; sourceTree = "<group>"; };
		71FF5B8E2BC68F5D0023F0D1 /* YouTubeView.swift */ = {isa = PBXFileReference; lastKnownFileType = sourcecode.swift; path = YouTubeView.swift; sourceTree = "<group>"; };
		71FF5B912BC693900023F0D1 /* ChatView.swift */ = {isa = PBXFileReference; lastKnownFileType = sourcecode.swift; path = ChatView.swift; sourceTree = "<group>"; };
		71FF5B942BC693F90023F0D1 /* MessageModel.swift */ = {isa = PBXFileReference; lastKnownFileType = sourcecode.swift; path = MessageModel.swift; sourceTree = "<group>"; };
		7206E5B62BC421B50072467D /* VideoSync.app */ = {isa = PBXFileReference; explicitFileType = wrapper.application; includeInIndex = 0; path = VideoSync.app; sourceTree = BUILT_PRODUCTS_DIR; };
		7206E5B92BC421B50072467D /* VideoSyncApp.swift */ = {isa = PBXFileReference; lastKnownFileType = sourcecode.swift; path = VideoSyncApp.swift; sourceTree = "<group>"; };
		7206E5BB2BC421B50072467D /* ContentView.swift */ = {isa = PBXFileReference; lastKnownFileType = sourcecode.swift; path = ContentView.swift; sourceTree = "<group>"; };
		7206E5BD2BC421B60072467D /* Assets.xcassets */ = {isa = PBXFileReference; lastKnownFileType = folder.assetcatalog; path = Assets.xcassets; sourceTree = "<group>"; };
		7206E5BF2BC421B60072467D /* VideoSync.entitlements */ = {isa = PBXFileReference; lastKnownFileType = text.plist.entitlements; path = VideoSync.entitlements; sourceTree = "<group>"; };
		7206E5C12BC421B60072467D /* Preview Assets.xcassets */ = {isa = PBXFileReference; lastKnownFileType = folder.assetcatalog; path = "Preview Assets.xcassets"; sourceTree = "<group>"; };
		7206E5C72BC421B60072467D /* VideoSyncTests.xctest */ = {isa = PBXFileReference; explicitFileType = wrapper.cfbundle; includeInIndex = 0; path = VideoSyncTests.xctest; sourceTree = BUILT_PRODUCTS_DIR; };
		7206E5CB2BC421B60072467D /* VideoSyncTests.swift */ = {isa = PBXFileReference; lastKnownFileType = sourcecode.swift; path = VideoSyncTests.swift; sourceTree = "<group>"; };
		7206E5D12BC421B60072467D /* VideoSyncUITests.xctest */ = {isa = PBXFileReference; explicitFileType = wrapper.cfbundle; includeInIndex = 0; path = VideoSyncUITests.xctest; sourceTree = BUILT_PRODUCTS_DIR; };
		7206E5D52BC421B60072467D /* VideoSyncUITests.swift */ = {isa = PBXFileReference; lastKnownFileType = sourcecode.swift; path = VideoSyncUITests.swift; sourceTree = "<group>"; };
		7206E5D72BC421B60072467D /* VideoSyncUITestsLaunchTests.swift */ = {isa = PBXFileReference; lastKnownFileType = sourcecode.swift; path = VideoSyncUITestsLaunchTests.swift; sourceTree = "<group>"; };
/* End PBXFileReference section */

/* Begin PBXFrameworksBuildPhase section */
		7206E5B32BC421B50072467D /* Frameworks */ = {
			isa = PBXFrameworksBuildPhase;
			buildActionMask = 2147483647;
			files = (
			);
			runOnlyForDeploymentPostprocessing = 0;
		};
		7206E5C42BC421B60072467D /* Frameworks */ = {
			isa = PBXFrameworksBuildPhase;
			buildActionMask = 2147483647;
			files = (
			);
			runOnlyForDeploymentPostprocessing = 0;
		};
		7206E5CE2BC421B60072467D /* Frameworks */ = {
			isa = PBXFrameworksBuildPhase;
			buildActionMask = 2147483647;
			files = (
			);
			runOnlyForDeploymentPostprocessing = 0;
		};
/* End PBXFrameworksBuildPhase section */

/* Begin PBXGroup section */
		715E59672BC82D3F001C2F66 /* Extensions */ = {
			isa = PBXGroup;
			children = (
				715E59682BC82D4C001C2F66 /* Colors.swift */,
				715E596A2BC832F2001C2F66 /* SafeArea.swift */,
			);
			path = Extensions;
			sourceTree = "<group>";
		};
		71FF5B8C2BC688350023F0D1 /* View */ = {
			isa = PBXGroup;
			children = (
				7206E5BB2BC421B50072467D /* ContentView.swift */,
				71FF5B912BC693900023F0D1 /* ChatView.swift */,
				71FF5B8A2BC688220023F0D1 /* MCBrowserView.swift */,
				71FF5B8E2BC68F5D0023F0D1 /* YouTubeView.swift */,
				7113FF312BC7EF7500DC7B3F /* CommandPanel.swift */,
			);
			path = View;
			sourceTree = "<group>";
		};
		71FF5B8D2BC688590023F0D1 /* Service */ = {
			isa = PBXGroup;
			children = (
				71FF5B882BC687BA0023F0D1 /* ChatManager.swift */,
				7113FF2D2BC6E75100DC7B3F /* CommandPerformer.swift */,
			);
			path = Service;
			sourceTree = "<group>";
		};
		71FF5B932BC693E30023F0D1 /* Model */ = {
			isa = PBXGroup;
			children = (
				71FF5B942BC693F90023F0D1 /* MessageModel.swift */,
			);
			path = Model;
			sourceTree = "<group>";
		};
		7206E5AD2BC421B50072467D = {
			isa = PBXGroup;
			children = (
				7206E5B82BC421B50072467D /* VideoSync */,
				7206E5CA2BC421B60072467D /* VideoSyncTests */,
				7206E5D42BC421B60072467D /* VideoSyncUITests */,
				7206E5B72BC421B50072467D /* Products */,
			);
			sourceTree = "<group>";
		};
		7206E5B72BC421B50072467D /* Products */ = {
			isa = PBXGroup;
			children = (
				7206E5B62BC421B50072467D /* VideoSync.app */,
				7206E5C72BC421B60072467D /* VideoSyncTests.xctest */,
				7206E5D12BC421B60072467D /* VideoSyncUITests.xctest */,
			);
			name = Products;
			sourceTree = "<group>";
		};
		7206E5B82BC421B50072467D /* VideoSync */ = {
			isa = PBXGroup;
			children = (
				715E59672BC82D3F001C2F66 /* Extensions */,
				71FF5B8D2BC688590023F0D1 /* Service */,
				71FF5B932BC693E30023F0D1 /* Model */,
				71FF5B8C2BC688350023F0D1 /* View */,
				71FF5B872BC5F5990023F0D1 /* Info.plist */,
				7206E5B92BC421B50072467D /* VideoSyncApp.swift */,
				7206E5BD2BC421B60072467D /* Assets.xcassets */,
				7206E5BF2BC421B60072467D /* VideoSync.entitlements */,
				7206E5C02BC421B60072467D /* Preview Content */,
				711DF7332BC8816B00B759FB /* ContentView2.swift */,
			);
			path = VideoSync;
			sourceTree = "<group>";
		};
		7206E5C02BC421B60072467D /* Preview Content */ = {
			isa = PBXGroup;
			children = (
				7206E5C12BC421B60072467D /* Preview Assets.xcassets */,
			);
			path = "Preview Content";
			sourceTree = "<group>";
		};
		7206E5CA2BC421B60072467D /* VideoSyncTests */ = {
			isa = PBXGroup;
			children = (
				7206E5CB2BC421B60072467D /* VideoSyncTests.swift */,
			);
			path = VideoSyncTests;
			sourceTree = "<group>";
		};
		7206E5D42BC421B60072467D /* VideoSyncUITests */ = {
			isa = PBXGroup;
			children = (
				7206E5D52BC421B60072467D /* VideoSyncUITests.swift */,
				7206E5D72BC421B60072467D /* VideoSyncUITestsLaunchTests.swift */,
			);
			path = VideoSyncUITests;
			sourceTree = "<group>";
		};
/* End PBXGroup section */

/* Begin PBXNativeTarget section */
		7206E5B52BC421B50072467D /* VideoSync */ = {
			isa = PBXNativeTarget;
			buildConfigurationList = 7206E5DB2BC421B60072467D /* Build configuration list for PBXNativeTarget "VideoSync" */;
			buildPhases = (
				7206E5B22BC421B50072467D /* Sources */,
				7206E5B32BC421B50072467D /* Frameworks */,
				7206E5B42BC421B50072467D /* Resources */,
			);
			buildRules = (
			);
			dependencies = (
			);
			name = VideoSync;
			productName = VideoSync;
			productReference = 7206E5B62BC421B50072467D /* VideoSync.app */;
			productType = "com.apple.product-type.application";
		};
		7206E5C62BC421B60072467D /* VideoSyncTests */ = {
			isa = PBXNativeTarget;
			buildConfigurationList = 7206E5DE2BC421B60072467D /* Build configuration list for PBXNativeTarget "VideoSyncTests" */;
			buildPhases = (
				7206E5C32BC421B60072467D /* Sources */,
				7206E5C42BC421B60072467D /* Frameworks */,
				7206E5C52BC421B60072467D /* Resources */,
			);
			buildRules = (
			);
			dependencies = (
				7206E5C92BC421B60072467D /* PBXTargetDependency */,
			);
			name = VideoSyncTests;
			productName = VideoSyncTests;
			productReference = 7206E5C72BC421B60072467D /* VideoSyncTests.xctest */;
			productType = "com.apple.product-type.bundle.unit-test";
		};
		7206E5D02BC421B60072467D /* VideoSyncUITests */ = {
			isa = PBXNativeTarget;
			buildConfigurationList = 7206E5E12BC421B60072467D /* Build configuration list for PBXNativeTarget "VideoSyncUITests" */;
			buildPhases = (
				7206E5CD2BC421B60072467D /* Sources */,
				7206E5CE2BC421B60072467D /* Frameworks */,
				7206E5CF2BC421B60072467D /* Resources */,
			);
			buildRules = (
			);
			dependencies = (
				7206E5D32BC421B60072467D /* PBXTargetDependency */,
			);
			name = VideoSyncUITests;
			productName = VideoSyncUITests;
			productReference = 7206E5D12BC421B60072467D /* VideoSyncUITests.xctest */;
			productType = "com.apple.product-type.bundle.ui-testing";
		};
/* End PBXNativeTarget section */

/* Begin PBXProject section */
		7206E5AE2BC421B50072467D /* Project object */ = {
			isa = PBXProject;
			attributes = {
				BuildIndependentTargetsInParallel = 1;
				LastSwiftUpdateCheck = 1520;
				LastUpgradeCheck = 1520;
				TargetAttributes = {
					7206E5B52BC421B50072467D = {
						CreatedOnToolsVersion = 15.2;
					};
					7206E5C62BC421B60072467D = {
						CreatedOnToolsVersion = 15.2;
						TestTargetID = 7206E5B52BC421B50072467D;
					};
					7206E5D02BC421B60072467D = {
						CreatedOnToolsVersion = 15.2;
						TestTargetID = 7206E5B52BC421B50072467D;
					};
				};
			};
			buildConfigurationList = 7206E5B12BC421B50072467D /* Build configuration list for PBXProject "VideoSync" */;
			compatibilityVersion = "Xcode 14.0";
			developmentRegion = en;
			hasScannedForEncodings = 0;
			knownRegions = (
				en,
				Base,
			);
			mainGroup = 7206E5AD2BC421B50072467D;
			productRefGroup = 7206E5B72BC421B50072467D /* Products */;
			projectDirPath = "";
			projectRoot = "";
			targets = (
				7206E5B52BC421B50072467D /* VideoSync */,
				7206E5C62BC421B60072467D /* VideoSyncTests */,
				7206E5D02BC421B60072467D /* VideoSyncUITests */,
			);
		};
/* End PBXProject section */

/* Begin PBXResourcesBuildPhase section */
		7206E5B42BC421B50072467D /* Resources */ = {
			isa = PBXResourcesBuildPhase;
			buildActionMask = 2147483647;
			files = (
				7206E5C22BC421B60072467D /* Preview Assets.xcassets in Resources */,
				7206E5BE2BC421B60072467D /* Assets.xcassets in Resources */,
			);
			runOnlyForDeploymentPostprocessing = 0;
		};
		7206E5C52BC421B60072467D /* Resources */ = {
			isa = PBXResourcesBuildPhase;
			buildActionMask = 2147483647;
			files = (
			);
			runOnlyForDeploymentPostprocessing = 0;
		};
		7206E5CF2BC421B60072467D /* Resources */ = {
			isa = PBXResourcesBuildPhase;
			buildActionMask = 2147483647;
			files = (
			);
			runOnlyForDeploymentPostprocessing = 0;
		};
/* End PBXResourcesBuildPhase section */

/* Begin PBXSourcesBuildPhase section */
		7206E5B22BC421B50072467D /* Sources */ = {
			isa = PBXSourcesBuildPhase;
			buildActionMask = 2147483647;
			files = (
				7206E5BC2BC421B50072467D /* ContentView.swift in Sources */,
				715E59692BC82D4C001C2F66 /* Colors.swift in Sources */,
				711DF7342BC8816B00B759FB /* ContentView2.swift in Sources */,
				71FF5B8F2BC68F5D0023F0D1 /* YouTubeView.swift in Sources */,
				715E596B2BC832F2001C2F66 /* SafeArea.swift in Sources */,
				7113FF2E2BC6E75100DC7B3F /* CommandPerformer.swift in Sources */,
				71FF5B952BC693F90023F0D1 /* MessageModel.swift in Sources */,
				7113FF322BC7EF7500DC7B3F /* CommandPanel.swift in Sources */,
				7206E5BA2BC421B50072467D /* VideoSyncApp.swift in Sources */,
				71FF5B8B2BC688220023F0D1 /* MCBrowserView.swift in Sources */,
				71FF5B922BC693900023F0D1 /* ChatView.swift in Sources */,
				71FF5B892BC687BA0023F0D1 /* ChatManager.swift in Sources */,
			);
			runOnlyForDeploymentPostprocessing = 0;
		};
		7206E5C32BC421B60072467D /* Sources */ = {
			isa = PBXSourcesBuildPhase;
			buildActionMask = 2147483647;
			files = (
				7206E5CC2BC421B60072467D /* VideoSyncTests.swift in Sources */,
			);
			runOnlyForDeploymentPostprocessing = 0;
		};
		7206E5CD2BC421B60072467D /* Sources */ = {
			isa = PBXSourcesBuildPhase;
			buildActionMask = 2147483647;
			files = (
				7206E5D62BC421B60072467D /* VideoSyncUITests.swift in Sources */,
				7206E5D82BC421B60072467D /* VideoSyncUITestsLaunchTests.swift in Sources */,
			);
			runOnlyForDeploymentPostprocessing = 0;
		};
/* End PBXSourcesBuildPhase section */

/* Begin PBXTargetDependency section */
		7206E5C92BC421B60072467D /* PBXTargetDependency */ = {
			isa = PBXTargetDependency;
			target = 7206E5B52BC421B50072467D /* VideoSync */;
			targetProxy = 7206E5C82BC421B60072467D /* PBXContainerItemProxy */;
		};
		7206E5D32BC421B60072467D /* PBXTargetDependency */ = {
			isa = PBXTargetDependency;
			target = 7206E5B52BC421B50072467D /* VideoSync */;
			targetProxy = 7206E5D22BC421B60072467D /* PBXContainerItemProxy */;
		};
/* End PBXTargetDependency section */

/* Begin XCBuildConfiguration section */
		7206E5D92BC421B60072467D /* Debug */ = {
			isa = XCBuildConfiguration;
			buildSettings = {
				ALWAYS_SEARCH_USER_PATHS = NO;
				ASSETCATALOG_COMPILER_GENERATE_SWIFT_ASSET_SYMBOL_EXTENSIONS = YES;
				CLANG_ANALYZER_NONNULL = YES;
				CLANG_ANALYZER_NUMBER_OBJECT_CONVERSION = YES_AGGRESSIVE;
				CLANG_CXX_LANGUAGE_STANDARD = "gnu++20";
				CLANG_ENABLE_MODULES = YES;
				CLANG_ENABLE_OBJC_ARC = YES;
				CLANG_ENABLE_OBJC_WEAK = YES;
				CLANG_WARN_BLOCK_CAPTURE_AUTORELEASING = YES;
				CLANG_WARN_BOOL_CONVERSION = YES;
				CLANG_WARN_COMMA = YES;
				CLANG_WARN_CONSTANT_CONVERSION = YES;
				CLANG_WARN_DEPRECATED_OBJC_IMPLEMENTATIONS = YES;
				CLANG_WARN_DIRECT_OBJC_ISA_USAGE = YES_ERROR;
				CLANG_WARN_DOCUMENTATION_COMMENTS = YES;
				CLANG_WARN_EMPTY_BODY = YES;
				CLANG_WARN_ENUM_CONVERSION = YES;
				CLANG_WARN_INFINITE_RECURSION = YES;
				CLANG_WARN_INT_CONVERSION = YES;
				CLANG_WARN_NON_LITERAL_NULL_CONVERSION = YES;
				CLANG_WARN_OBJC_IMPLICIT_RETAIN_SELF = YES;
				CLANG_WARN_OBJC_LITERAL_CONVERSION = YES;
				CLANG_WARN_OBJC_ROOT_CLASS = YES_ERROR;
				CLANG_WARN_QUOTED_INCLUDE_IN_FRAMEWORK_HEADER = YES;
				CLANG_WARN_RANGE_LOOP_ANALYSIS = YES;
				CLANG_WARN_STRICT_PROTOTYPES = YES;
				CLANG_WARN_SUSPICIOUS_MOVE = YES;
				CLANG_WARN_UNGUARDED_AVAILABILITY = YES_AGGRESSIVE;
				CLANG_WARN_UNREACHABLE_CODE = YES;
				CLANG_WARN__DUPLICATE_METHOD_MATCH = YES;
				COPY_PHASE_STRIP = NO;
				DEBUG_INFORMATION_FORMAT = dwarf;
				ENABLE_STRICT_OBJC_MSGSEND = YES;
				ENABLE_TESTABILITY = YES;
				ENABLE_USER_SCRIPT_SANDBOXING = YES;
				GCC_C_LANGUAGE_STANDARD = gnu17;
				GCC_DYNAMIC_NO_PIC = NO;
				GCC_NO_COMMON_BLOCKS = YES;
				GCC_OPTIMIZATION_LEVEL = 0;
				GCC_PREPROCESSOR_DEFINITIONS = (
					"DEBUG=1",
					"$(inherited)",
				);
				GCC_WARN_64_TO_32_BIT_CONVERSION = YES;
				GCC_WARN_ABOUT_RETURN_TYPE = YES_ERROR;
				GCC_WARN_UNDECLARED_SELECTOR = YES;
				GCC_WARN_UNINITIALIZED_AUTOS = YES_AGGRESSIVE;
				GCC_WARN_UNUSED_FUNCTION = YES;
				GCC_WARN_UNUSED_VARIABLE = YES;
				LOCALIZATION_PREFERS_STRING_CATALOGS = YES;
				MTL_ENABLE_DEBUG_INFO = INCLUDE_SOURCE;
				MTL_FAST_MATH = YES;
				ONLY_ACTIVE_ARCH = YES;
				SWIFT_ACTIVE_COMPILATION_CONDITIONS = "DEBUG $(inherited)";
				SWIFT_OPTIMIZATION_LEVEL = "-Onone";
			};
			name = Debug;
		};
		7206E5DA2BC421B60072467D /* Release */ = {
			isa = XCBuildConfiguration;
			buildSettings = {
				ALWAYS_SEARCH_USER_PATHS = NO;
				ASSETCATALOG_COMPILER_GENERATE_SWIFT_ASSET_SYMBOL_EXTENSIONS = YES;
				CLANG_ANALYZER_NONNULL = YES;
				CLANG_ANALYZER_NUMBER_OBJECT_CONVERSION = YES_AGGRESSIVE;
				CLANG_CXX_LANGUAGE_STANDARD = "gnu++20";
				CLANG_ENABLE_MODULES = YES;
				CLANG_ENABLE_OBJC_ARC = YES;
				CLANG_ENABLE_OBJC_WEAK = YES;
				CLANG_WARN_BLOCK_CAPTURE_AUTORELEASING = YES;
				CLANG_WARN_BOOL_CONVERSION = YES;
				CLANG_WARN_COMMA = YES;
				CLANG_WARN_CONSTANT_CONVERSION = YES;
				CLANG_WARN_DEPRECATED_OBJC_IMPLEMENTATIONS = YES;
				CLANG_WARN_DIRECT_OBJC_ISA_USAGE = YES_ERROR;
				CLANG_WARN_DOCUMENTATION_COMMENTS = YES;
				CLANG_WARN_EMPTY_BODY = YES;
				CLANG_WARN_ENUM_CONVERSION = YES;
				CLANG_WARN_INFINITE_RECURSION = YES;
				CLANG_WARN_INT_CONVERSION = YES;
				CLANG_WARN_NON_LITERAL_NULL_CONVERSION = YES;
				CLANG_WARN_OBJC_IMPLICIT_RETAIN_SELF = YES;
				CLANG_WARN_OBJC_LITERAL_CONVERSION = YES;
				CLANG_WARN_OBJC_ROOT_CLASS = YES_ERROR;
				CLANG_WARN_QUOTED_INCLUDE_IN_FRAMEWORK_HEADER = YES;
				CLANG_WARN_RANGE_LOOP_ANALYSIS = YES;
				CLANG_WARN_STRICT_PROTOTYPES = YES;
				CLANG_WARN_SUSPICIOUS_MOVE = YES;
				CLANG_WARN_UNGUARDED_AVAILABILITY = YES_AGGRESSIVE;
				CLANG_WARN_UNREACHABLE_CODE = YES;
				CLANG_WARN__DUPLICATE_METHOD_MATCH = YES;
				COPY_PHASE_STRIP = NO;
				DEBUG_INFORMATION_FORMAT = "dwarf-with-dsym";
				ENABLE_NS_ASSERTIONS = NO;
				ENABLE_STRICT_OBJC_MSGSEND = YES;
				ENABLE_USER_SCRIPT_SANDBOXING = YES;
				GCC_C_LANGUAGE_STANDARD = gnu17;
				GCC_NO_COMMON_BLOCKS = YES;
				GCC_WARN_64_TO_32_BIT_CONVERSION = YES;
				GCC_WARN_ABOUT_RETURN_TYPE = YES_ERROR;
				GCC_WARN_UNDECLARED_SELECTOR = YES;
				GCC_WARN_UNINITIALIZED_AUTOS = YES_AGGRESSIVE;
				GCC_WARN_UNUSED_FUNCTION = YES;
				GCC_WARN_UNUSED_VARIABLE = YES;
				LOCALIZATION_PREFERS_STRING_CATALOGS = YES;
				MTL_ENABLE_DEBUG_INFO = NO;
				MTL_FAST_MATH = YES;
				SWIFT_COMPILATION_MODE = wholemodule;
			};
			name = Release;
		};
		7206E5DC2BC421B60072467D /* Debug */ = {
			isa = XCBuildConfiguration;
			buildSettings = {
				ASSETCATALOG_COMPILER_APPICON_NAME = AppIcon;
				ASSETCATALOG_COMPILER_GLOBAL_ACCENT_COLOR_NAME = AccentColor;
				CODE_SIGN_ENTITLEMENTS = VideoSync/VideoSync.entitlements;
				CODE_SIGN_STYLE = Automatic;
				CURRENT_PROJECT_VERSION = 1;
				DEVELOPMENT_ASSET_PATHS = "\"VideoSync/Preview Content\"";
				DEVELOPMENT_TEAM = H2W3UGHAAE;
				ENABLE_HARDENED_RUNTIME = YES;
				ENABLE_PREVIEWS = YES;
				GENERATE_INFOPLIST_FILE = YES;
				INFOPLIST_FILE = VideoSync/Info.plist;
				"INFOPLIST_KEY_UIApplicationSceneManifest_Generation[sdk=iphoneos*]" = YES;
				"INFOPLIST_KEY_UIApplicationSceneManifest_Generation[sdk=iphonesimulator*]" = YES;
				"INFOPLIST_KEY_UIApplicationSupportsIndirectInputEvents[sdk=iphoneos*]" = YES;
				"INFOPLIST_KEY_UIApplicationSupportsIndirectInputEvents[sdk=iphonesimulator*]" = YES;
				"INFOPLIST_KEY_UILaunchScreen_Generation[sdk=iphoneos*]" = YES;
				"INFOPLIST_KEY_UILaunchScreen_Generation[sdk=iphonesimulator*]" = YES;
				"INFOPLIST_KEY_UIStatusBarStyle[sdk=iphoneos*]" = UIStatusBarStyleDefault;
				"INFOPLIST_KEY_UIStatusBarStyle[sdk=iphonesimulator*]" = UIStatusBarStyleDefault;
				IPHONEOS_DEPLOYMENT_TARGET = 17.2;
				LD_RUNPATH_SEARCH_PATHS = "@executable_path/Frameworks";
				"LD_RUNPATH_SEARCH_PATHS[sdk=macosx*]" = "@executable_path/../Frameworks";
				MACOSX_DEPLOYMENT_TARGET = 14.2;
				MARKETING_VERSION = 1.0;
				PRODUCT_BUNDLE_IDENTIFIER = ton252.videosync;
				PRODUCT_NAME = "$(TARGET_NAME)";
				SDKROOT = auto;
				SUPPORTED_PLATFORMS = "iphoneos iphonesimulator macosx";
				SWIFT_EMIT_LOC_STRINGS = YES;
				SWIFT_VERSION = 5.0;
				TARGETED_DEVICE_FAMILY = "1,2";
			};
			name = Debug;
		};
		7206E5DD2BC421B60072467D /* Release */ = {
			isa = XCBuildConfiguration;
			buildSettings = {
				ASSETCATALOG_COMPILER_APPICON_NAME = AppIcon;
				ASSETCATALOG_COMPILER_GLOBAL_ACCENT_COLOR_NAME = AccentColor;
				CODE_SIGN_ENTITLEMENTS = VideoSync/VideoSync.entitlements;
				CODE_SIGN_STYLE = Automatic;
				CURRENT_PROJECT_VERSION = 1;
				DEVELOPMENT_ASSET_PATHS = "\"VideoSync/Preview Content\"";
				DEVELOPMENT_TEAM = H2W3UGHAAE;
				ENABLE_HARDENED_RUNTIME = YES;
				ENABLE_PREVIEWS = YES;
				GENERATE_INFOPLIST_FILE = YES;
				INFOPLIST_FILE = VideoSync/Info.plist;
				"INFOPLIST_KEY_UIApplicationSceneManifest_Generation[sdk=iphoneos*]" = YES;
				"INFOPLIST_KEY_UIApplicationSceneManifest_Generation[sdk=iphonesimulator*]" = YES;
				"INFOPLIST_KEY_UIApplicationSupportsIndirectInputEvents[sdk=iphoneos*]" = YES;
				"INFOPLIST_KEY_UIApplicationSupportsIndirectInputEvents[sdk=iphonesimulator*]" = YES;
				"INFOPLIST_KEY_UILaunchScreen_Generation[sdk=iphoneos*]" = YES;
				"INFOPLIST_KEY_UILaunchScreen_Generation[sdk=iphonesimulator*]" = YES;
				"INFOPLIST_KEY_UIStatusBarStyle[sdk=iphoneos*]" = UIStatusBarStyleDefault;
				"INFOPLIST_KEY_UIStatusBarStyle[sdk=iphonesimulator*]" = UIStatusBarStyleDefault;
				IPHONEOS_DEPLOYMENT_TARGET = 17.2;
				LD_RUNPATH_SEARCH_PATHS = "@executable_path/Frameworks";
				"LD_RUNPATH_SEARCH_PATHS[sdk=macosx*]" = "@executable_path/../Frameworks";
				MACOSX_DEPLOYMENT_TARGET = 14.2;
				MARKETING_VERSION = 1.0;
				PRODUCT_BUNDLE_IDENTIFIER = ton252.videosync;
				PRODUCT_NAME = "$(TARGET_NAME)";
				SDKROOT = auto;
				SUPPORTED_PLATFORMS = "iphoneos iphonesimulator macosx";
				SWIFT_EMIT_LOC_STRINGS = YES;
				SWIFT_VERSION = 5.0;
				TARGETED_DEVICE_FAMILY = "1,2";
			};
			name = Release;
		};
		7206E5DF2BC421B60072467D /* Debug */ = {
			isa = XCBuildConfiguration;
			buildSettings = {
				ALWAYS_EMBED_SWIFT_STANDARD_LIBRARIES = YES;
				BUNDLE_LOADER = "$(TEST_HOST)";
				CODE_SIGN_STYLE = Automatic;
				CURRENT_PROJECT_VERSION = 1;
				DEVELOPMENT_TEAM = H2W3UGHAAE;
				GENERATE_INFOPLIST_FILE = YES;
				IPHONEOS_DEPLOYMENT_TARGET = 17.2;
				MACOSX_DEPLOYMENT_TARGET = 14.2;
				MARKETING_VERSION = 1.0;
				PRODUCT_BUNDLE_IDENTIFIER = ton252.video.sync.VideoSyncTests;
				PRODUCT_NAME = "$(TARGET_NAME)";
				SDKROOT = auto;
				SUPPORTED_PLATFORMS = "iphoneos iphonesimulator macosx";
				SWIFT_EMIT_LOC_STRINGS = NO;
				SWIFT_VERSION = 5.0;
				TARGETED_DEVICE_FAMILY = "1,2";
				TEST_HOST = "$(BUILT_PRODUCTS_DIR)/VideoSync.app/$(BUNDLE_EXECUTABLE_FOLDER_PATH)/VideoSync";
			};
			name = Debug;
		};
		7206E5E02BC421B60072467D /* Release */ = {
			isa = XCBuildConfiguration;
			buildSettings = {
				ALWAYS_EMBED_SWIFT_STANDARD_LIBRARIES = YES;
				BUNDLE_LOADER = "$(TEST_HOST)";
				CODE_SIGN_STYLE = Automatic;
				CURRENT_PROJECT_VERSION = 1;
				DEVELOPMENT_TEAM = H2W3UGHAAE;
				GENERATE_INFOPLIST_FILE = YES;
				IPHONEOS_DEPLOYMENT_TARGET = 17.2;
				MACOSX_DEPLOYMENT_TARGET = 14.2;
				MARKETING_VERSION = 1.0;
				PRODUCT_BUNDLE_IDENTIFIER = ton252.video.sync.VideoSyncTests;
				PRODUCT_NAME = "$(TARGET_NAME)";
				SDKROOT = auto;
				SUPPORTED_PLATFORMS = "iphoneos iphonesimulator macosx";
				SWIFT_EMIT_LOC_STRINGS = NO;
				SWIFT_VERSION = 5.0;
				TARGETED_DEVICE_FAMILY = "1,2";
				TEST_HOST = "$(BUILT_PRODUCTS_DIR)/VideoSync.app/$(BUNDLE_EXECUTABLE_FOLDER_PATH)/VideoSync";
			};
			name = Release;
		};
		7206E5E22BC421B60072467D /* Debug */ = {
			isa = XCBuildConfiguration;
			buildSettings = {
				ALWAYS_EMBED_SWIFT_STANDARD_LIBRARIES = YES;
				CODE_SIGN_STYLE = Automatic;
				CURRENT_PROJECT_VERSION = 1;
				DEVELOPMENT_TEAM = H2W3UGHAAE;
				GENERATE_INFOPLIST_FILE = YES;
				IPHONEOS_DEPLOYMENT_TARGET = 17.2;
				MACOSX_DEPLOYMENT_TARGET = 14.2;
				MARKETING_VERSION = 1.0;
				PRODUCT_BUNDLE_IDENTIFIER = ton252.video.sync.VideoSyncUITests;
				PRODUCT_NAME = "$(TARGET_NAME)";
				SDKROOT = auto;
				SUPPORTED_PLATFORMS = "iphoneos iphonesimulator macosx";
				SWIFT_EMIT_LOC_STRINGS = NO;
				SWIFT_VERSION = 5.0;
				TARGETED_DEVICE_FAMILY = "1,2";
				TEST_TARGET_NAME = VideoSync;
			};
			name = Debug;
		};
		7206E5E32BC421B60072467D /* Release */ = {
			isa = XCBuildConfiguration;
			buildSettings = {
				ALWAYS_EMBED_SWIFT_STANDARD_LIBRARIES = YES;
				CODE_SIGN_STYLE = Automatic;
				CURRENT_PROJECT_VERSION = 1;
				DEVELOPMENT_TEAM = H2W3UGHAAE;
				GENERATE_INFOPLIST_FILE = YES;
				IPHONEOS_DEPLOYMENT_TARGET = 17.2;
				MACOSX_DEPLOYMENT_TARGET = 14.2;
				MARKETING_VERSION = 1.0;
				PRODUCT_BUNDLE_IDENTIFIER = ton252.video.sync.VideoSyncUITests;
				PRODUCT_NAME = "$(TARGET_NAME)";
				SDKROOT = auto;
				SUPPORTED_PLATFORMS = "iphoneos iphonesimulator macosx";
				SWIFT_EMIT_LOC_STRINGS = NO;
				SWIFT_VERSION = 5.0;
				TARGETED_DEVICE_FAMILY = "1,2";
				TEST_TARGET_NAME = VideoSync;
			};
			name = Release;
		};
/* End XCBuildConfiguration section */

/* Begin XCConfigurationList section */
		7206E5B12BC421B50072467D /* Build configuration list for PBXProject "VideoSync" */ = {
			isa = XCConfigurationList;
			buildConfigurations = (
				7206E5D92BC421B60072467D /* Debug */,
				7206E5DA2BC421B60072467D /* Release */,
			);
			defaultConfigurationIsVisible = 0;
			defaultConfigurationName = Release;
		};
		7206E5DB2BC421B60072467D /* Build configuration list for PBXNativeTarget "VideoSync" */ = {
			isa = XCConfigurationList;
			buildConfigurations = (
				7206E5DC2BC421B60072467D /* Debug */,
				7206E5DD2BC421B60072467D /* Release */,
			);
			defaultConfigurationIsVisible = 0;
			defaultConfigurationName = Release;
		};
		7206E5DE2BC421B60072467D /* Build configuration list for PBXNativeTarget "VideoSyncTests" */ = {
			isa = XCConfigurationList;
			buildConfigurations = (
				7206E5DF2BC421B60072467D /* Debug */,
				7206E5E02BC421B60072467D /* Release */,
			);
			defaultConfigurationIsVisible = 0;
			defaultConfigurationName = Release;
		};
		7206E5E12BC421B60072467D /* Build configuration list for PBXNativeTarget "VideoSyncUITests" */ = {
			isa = XCConfigurationList;
			buildConfigurations = (
				7206E5E22BC421B60072467D /* Debug */,
				7206E5E32BC421B60072467D /* Release */,
			);
			defaultConfigurationIsVisible = 0;
			defaultConfigurationName = Release;
		};
/* End XCConfigurationList section */
	};
	rootObject = 7206E5AE2BC421B50072467D /* Project object */;
}
